
Microsoft Visual Studio Solution File, Format Version 12.00
# Visual Studio Version 16
VisualStudioVersion = 16.0.30114.105
MinimumVisualStudioVersion = 10.0.40219.1
Project("{FAE04EC0-301F-11D3-BF4B-00C04F79EFBC}") = "API", "API\API.csproj", "{307328B9-EA8F-4405-BE02-BB71DCD62463}"
EndProject
Project("{FAE04EC0-301F-11D3-BF4B-00C04F79EFBC}") = "Core", "Core\Core.csproj", "{C8678E46-198A-4266-A1F0-B67A50EAF207}"
EndProject
Project("{FAE04EC0-301F-11D3-BF4B-00C04F79EFBC}") = "Infrastructure", "Infrastructure\Infrastructure.csproj", "{5C371C54-7683-4432-AB6B-7D5D5458D093}"
EndProject
Global
	GlobalSection(SolutionConfigurationPlatforms) = preSolution
		Debug|Any CPU = Debug|Any CPU
		Release|Any CPU = Release|Any CPU
	EndGlobalSection
	GlobalSection(SolutionProperties) = preSolution
		HideSolutionNode = FALSE
	EndGlobalSection
	GlobalSection(ProjectConfigurationPlatforms) = postSolution
		{307328B9-EA8F-4405-BE02-BB71DCD62463}.Debug|Any CPU.ActiveCfg = Debug|Any CPU
		{307328B9-EA8F-4405-BE02-BB71DCD62463}.Debug|Any CPU.Build.0 = Debug|Any CPU
		{307328B9-EA8F-4405-BE02-BB71DCD62463}.Release|Any CPU.ActiveCfg = Release|Any CPU
		{307328B9-EA8F-4405-BE02-BB71DCD62463}.Release|Any CPU.Build.0 = Release|Any CPU
		{C8678E46-198A-4266-A1F0-B67A50EAF207}.Debug|Any CPU.ActiveCfg = Debug|Any CPU
		{C8678E46-198A-4266-A1F0-B67A50EAF207}.Debug|Any CPU.Build.0 = Debug|Any CPU
		{C8678E46-198A-4266-A1F0-B67A50EAF207}.Release|Any CPU.ActiveCfg = Release|Any CPU
		{C8678E46-198A-4266-A1F0-B67A50EAF207}.Release|Any CPU.Build.0 = Release|Any CPU
		{5C371C54-7683-4432-AB6B-7D5D5458D093}.Debug|Any CPU.ActiveCfg = Debug|Any CPU
		{5C371C54-7683-4432-AB6B-7D5D5458D093}.Debug|Any CPU.Build.0 = Debug|Any CPU
		{5C371C54-7683-4432-AB6B-7D5D5458D093}.Release|Any CPU.ActiveCfg = Release|Any CPU
		{5C371C54-7683-4432-AB6B-7D5D5458D093}.Release|Any CPU.Build.0 = Release|Any CPU
	EndGlobalSection
EndGlobal
